
Microsoft Visual Studio Solution File, Format Version 12.00
# Visual Studio Version 16
VisualStudioVersion = 16.0.30709.132
MinimumVisualStudioVersion = 10.0.40219.1
Project("{FAE04EC0-301F-11D3-BF4B-00C04F79EFBC}") = "рлс", "рлс.csproj", "{1EC98DEB-EA5C-4378-B458-69BB898C6637}"
EndProject
Global
	GlobalSection(SolutionConfigurationPlatforms) = preSolution
		Debug|Any CPU = Debug|Any CPU
		Release|Any CPU = Release|Any CPU
	EndGlobalSection
	GlobalSection(ProjectConfigurationPlatforms) = postSolution
		{1EC98DEB-EA5C-4378-B458-69BB898C6637}.Debug|Any CPU.ActiveCfg = Debug|Any CPU
		{1EC98DEB-EA5C-4378-B458-69BB898C6637}.Debug|Any CPU.Build.0 = Debug|Any CPU
		{1EC98DEB-EA5C-4378-B458-69BB898C6637}.Release|Any CPU.ActiveCfg = Release|Any CPU
		{1EC98DEB-EA5C-4378-B458-69BB898C6637}.Release|Any CPU.Build.0 = Release|Any CPU
	EndGlobalSection
	GlobalSection(SolutionProperties) = preSolution
		HideSolutionNode = FALSE
	EndGlobalSection
	GlobalSection(ExtensibilityGlobals) = postSolution
		SolutionGuid = {FD1A759C-D283-4A22-97F6-0BEBE8DC433F}
	EndGlobalSection
EndGlobal
